
Microsoft Visual Studio Solution File, Format Version 12.00
# Visual Studio 2012
Project("{FAE04EC0-301F-11D3-BF4B-00C04F79EFBC}") = "Chemicals", "Chemicals\Chemicals.csproj", "{AA34B962-A9D5-4D62-872E-89A17A4B1F28}"
EndProject
Global
	GlobalSection(SolutionConfigurationPlatforms) = preSolution
		Debug|Any CPU = Debug|Any CPU
		Release|Any CPU = Release|Any CPU
	EndGlobalSection
	GlobalSection(ProjectConfigurationPlatforms) = postSolution
		{AA34B962-A9D5-4D62-872E-89A17A4B1F28}.Debug|Any CPU.ActiveCfg = Debug|Any CPU
		{AA34B962-A9D5-4D62-872E-89A17A4B1F28}.Debug|Any CPU.Build.0 = Debug|Any CPU
		{AA34B962-A9D5-4D62-872E-89A17A4B1F28}.Release|Any CPU.ActiveCfg = Release|Any CPU
		{AA34B962-A9D5-4D62-872E-89A17A4B1F28}.Release|Any CPU.Build.0 = Release|Any CPU
	EndGlobalSection
	GlobalSection(SolutionProperties) = preSolution
		HideSolutionNode = FALSE
	EndGlobalSection
EndGlobal
